// !$*UTF8*$!
{
	archiveVersion = 1;
	classes = {
	};
	objectVersion = 50;
	objects = {

/* Begin PBXBuildFile section */
		3692D0442266FB7B0085B3B1 /* AppDelegate.swift in Sources */ = {isa = PBXBuildFile; fileRef = 3692D0432266FB7B0085B3B1 /* AppDelegate.swift */; };
		3692D0462266FB7B0085B3B1 /* ViewController.swift in Sources */ = {isa = PBXBuildFile; fileRef = 3692D0452266FB7B0085B3B1 /* ViewController.swift */; };
		3692D0492266FB7B0085B3B1 /* Main.storyboard in Resources */ = {isa = PBXBuildFile; fileRef = 3692D0472266FB7B0085B3B1 /* Main.storyboard */; };
		3692D04B2266FB800085B3B1 /* Assets.xcassets in Resources */ = {isa = PBXBuildFile; fileRef = 3692D04A2266FB800085B3B1 /* Assets.xcassets */; };
		3692D04E2266FB800085B3B1 /* LaunchScreen.storyboard in Resources */ = {isa = PBXBuildFile; fileRef = 3692D04C2266FB800085B3B1 /* LaunchScreen.storyboard */; };
		3692D0592266FBDD0085B3B1 /* AuthenViewController.swift in Sources */ = {isa = PBXBuildFile; fileRef = 3692D0582266FBDD0085B3B1 /* AuthenViewController.swift */; };
		3692D05B2266FDBA0085B3B1 /* MainViewController.swift in Sources */ = {isa = PBXBuildFile; fileRef = 3692D05A2266FDBA0085B3B1 /* MainViewController.swift */; };
		3692D061226737080085B3B1 /* Authen.storyboard in Resources */ = {isa = PBXBuildFile; fileRef = 3692D060226737080085B3B1 /* Authen.storyboard */; };
/* End PBXBuildFile section */

/* Begin PBXFileReference section */
		3692D0402266FB7B0085B3B1 /* Review.app */ = {isa = PBXFileReference; explicitFileType = wrapper.application; includeInIndex = 0; path = Review.app; sourceTree = BUILT_PRODUCTS_DIR; };
		3692D0432266FB7B0085B3B1 /* AppDelegate.swift */ = {isa = PBXFileReference; lastKnownFileType = sourcecode.swift; path = AppDelegate.swift; sourceTree = "<group>"; };
		3692D0452266FB7B0085B3B1 /* ViewController.swift */ = {isa = PBXFileReference; lastKnownFileType = sourcecode.swift; path = ViewController.swift; sourceTree = "<group>"; };
		3692D0482266FB7B0085B3B1 /* Base */ = {isa = PBXFileReference; lastKnownFileType = file.storyboard; name = Base; path = Base.lproj/Main.storyboard; sourceTree = "<group>"; };
		3692D04A2266FB800085B3B1 /* Assets.xcassets */ = {isa = PBXFileReference; lastKnownFileType = folder.assetcatalog; path = Assets.xcassets; sourceTree = "<group>"; };
		3692D04D2266FB800085B3B1 /* Base */ = {isa = PBXFileReference; lastKnownFileType = file.storyboard; name = Base; path = Base.lproj/LaunchScreen.storyboard; sourceTree = "<group>"; };
		3692D04F2266FB800085B3B1 /* Info.plist */ = {isa = PBXFileReference; lastKnownFileType = text.plist.xml; path = Info.plist; sourceTree = "<group>"; };
		3692D0582266FBDD0085B3B1 /* AuthenViewController.swift */ = {isa = PBXFileReference; lastKnownFileType = sourcecode.swift; path = AuthenViewController.swift; sourceTree = "<group>"; };
		3692D05A2266FDBA0085B3B1 /* MainViewController.swift */ = {isa = PBXFileReference; lastKnownFileType = sourcecode.swift; path = MainViewController.swift; sourceTree = "<group>"; };
		3692D060226737080085B3B1 /* Authen.storyboard */ = {isa = PBXFileReference; lastKnownFileType = file.storyboard; path = Authen.storyboard; sourceTree = "<group>"; };
/* End PBXFileReference section */

/* Begin PBXFrameworksBuildPhase section */
		3692D03D2266FB7B0085B3B1 /* Frameworks */ = {
			isa = PBXFrameworksBuildPhase;
			buildActionMask = 2147483647;
			files = (
			);
			runOnlyForDeploymentPostprocessing = 0;
		};
/* End PBXFrameworksBuildPhase section */

/* Begin PBXGroup section */
		3692D0372266FB7B0085B3B1 = {
			isa = PBXGroup;
			children = (
				3692D0422266FB7B0085B3B1 /* Review */,
				3692D0412266FB7B0085B3B1 /* Products */,
			);
			sourceTree = "<group>";
		};
		3692D0412266FB7B0085B3B1 /* Products */ = {
			isa = PBXGroup;
			children = (
				3692D0402266FB7B0085B3B1 /* Review.app */,
			);
			name = Products;
			sourceTree = "<group>";
		};
		3692D0422266FB7B0085B3B1 /* Review */ = {
			isa = PBXGroup;
			children = (
				3692D0552266FBC20085B3B1 /* Model */,
				3692D0572266FBC20085B3B1 /* Storyboard */,
				3692D0562266FBC20085B3B1 /* ViewController */,
				3692D0432266FB7B0085B3B1 /* AppDelegate.swift */,
				3692D0452266FB7B0085B3B1 /* ViewController.swift */,
				3692D0472266FB7B0085B3B1 /* Main.storyboard */,
				3692D04A2266FB800085B3B1 /* Assets.xcassets */,
				3692D04C2266FB800085B3B1 /* LaunchScreen.storyboard */,
				3692D04F2266FB800085B3B1 /* Info.plist */,
			);
			path = Review;
			sourceTree = "<group>";
		};
		3692D0552266FBC20085B3B1 /* Model */ = {
			isa = PBXGroup;
			children = (
			);
			path = Model;
			sourceTree = "<group>";
		};
		3692D0562266FBC20085B3B1 /* ViewController */ = {
			isa = PBXGroup;
			children = (
				3692D0582266FBDD0085B3B1 /* AuthenViewController.swift */,
				3692D05A2266FDBA0085B3B1 /* MainViewController.swift */,
			);
			path = ViewController;
			sourceTree = "<group>";
		};
		3692D0572266FBC20085B3B1 /* Storyboard */ = {
			isa = PBXGroup;
			children = (
				3692D060226737080085B3B1 /* Authen.storyboard */,
			);
			path = Storyboard;
			sourceTree = "<group>";
		};
/* End PBXGroup section */

/* Begin PBXNativeTarget section */
		3692D03F2266FB7B0085B3B1 /* Review */ = {
			isa = PBXNativeTarget;
			buildConfigurationList = 3692D0522266FB800085B3B1 /* Build configuration list for PBXNativeTarget "Review" */;
			buildPhases = (
				3692D03C2266FB7B0085B3B1 /* Sources */,
				3692D03D2266FB7B0085B3B1 /* Frameworks */,
				3692D03E2266FB7B0085B3B1 /* Resources */,
			);
			buildRules = (
			);
			dependencies = (
			);
			name = Review;
			productName = Review;
			productReference = 3692D0402266FB7B0085B3B1 /* Review.app */;
			productType = "com.apple.product-type.application";
		};
/* End PBXNativeTarget section */

/* Begin PBXProject section */
		3692D0382266FB7B0085B3B1 /* Project object */ = {
			isa = PBXProject;
			attributes = {
				LastSwiftUpdateCheck = 1020;
				LastUpgradeCheck = 1020;
				ORGANIZATIONNAME = Donlaya;
				TargetAttributes = {
					3692D03F2266FB7B0085B3B1 = {
						CreatedOnToolsVersion = 10.2;
					};
				};
			};
			buildConfigurationList = 3692D03B2266FB7B0085B3B1 /* Build configuration list for PBXProject "Review" */;
			compatibilityVersion = "Xcode 9.3";
			developmentRegion = en;
			hasScannedForEncodings = 0;
			knownRegions = (
				en,
				Base,
			);
			mainGroup = 3692D0372266FB7B0085B3B1;
			productRefGroup = 3692D0412266FB7B0085B3B1 /* Products */;
			projectDirPath = "";
			projectRoot = "";
			targets = (
				3692D03F2266FB7B0085B3B1 /* Review */,
			);
		};
/* End PBXProject section */

/* Begin PBXResourcesBuildPhase section */
		3692D03E2266FB7B0085B3B1 /* Resources */ = {
			isa = PBXResourcesBuildPhase;
			buildActionMask = 2147483647;
			files = (
				3692D04E2266FB800085B3B1 /* LaunchScreen.storyboard in Resources */,
				3692D061226737080085B3B1 /* Authen.storyboard in Resources */,
				3692D04B2266FB800085B3B1 /* Assets.xcassets in Resources */,
				3692D0492266FB7B0085B3B1 /* Main.storyboard in Resources */,
			);
			runOnlyForDeploymentPostprocessing = 0;
		};
/* End PBXResourcesBuildPhase section */

/* Begin PBXSourcesBuildPhase section */
		3692D03C2266FB7B0085B3B1 /* Sources */ = {
			isa = PBXSourcesBuildPhase;
			buildActionMask = 2147483647;
			files = (
				3692D0462266FB7B0085B3B1 /* ViewController.swift in Sources */,
				3692D0442266FB7B0085B3B1 /* AppDelegate.swift in Sources */,
				3692D0592266FBDD0085B3B1 /* AuthenViewController.swift in Sources */,
				3692D05B2266FDBA0085B3B1 /* MainViewController.swift in Sources */,
			);
			runOnlyForDeploymentPostprocessing = 0;
		};
/* End PBXSourcesBuildPhase section */

/* Begin PBXVariantGroup section */
		3692D0472266FB7B0085B3B1 /* Main.storyboard */ = {
			isa = PBXVariantGroup;
			children = (
				3692D0482266FB7B0085B3B1 /* Base */,
			);
			name = Main.storyboard;
			sourceTree = "<group>";
		};
		3692D04C2266FB800085B3B1 /* LaunchScreen.storyboard */ = {
			isa = PBXVariantGroup;
			children = (
				3692D04D2266FB800085B3B1 /* Base */,
			);
			name = LaunchScreen.storyboard;
			sourceTree = "<group>";
		};
/* End PBXVariantGroup section */

/* Begin XCBuildConfiguration section */
		3692D0502266FB800085B3B1 /* Debug */ = {
			isa = XCBuildConfiguration;
			buildSettings = {
				ALWAYS_SEARCH_USER_PATHS = NO;
				CLANG_ANALYZER_NONNULL = YES;
				CLANG_ANALYZER_NUMBER_OBJECT_CONVERSION = YES_AGGRESSIVE;
				CLANG_CXX_LANGUAGE_STANDARD = "gnu++14";
				CLANG_CXX_LIBRARY = "libc++";
				CLANG_ENABLE_MODULES = YES;
				CLANG_ENABLE_OBJC_ARC = YES;
				CLANG_ENABLE_OBJC_WEAK = YES;
				CLANG_WARN_BLOCK_CAPTURE_AUTORELEASING = YES;
				CLANG_WARN_BOOL_CONVERSION = YES;
				CLANG_WARN_COMMA = YES;
				CLANG_WARN_CONSTANT_CONVERSION = YES;
				CLANG_WARN_DEPRECATED_OBJC_IMPLEMENTATIONS = YES;
				CLANG_WARN_DIRECT_OBJC_ISA_USAGE = YES_ERROR;
				CLANG_WARN_DOCUMENTATION_COMMENTS = YES;
				CLANG_WARN_EMPTY_BODY = YES;
				CLANG_WARN_ENUM_CONVERSION = YES;
				CLANG_WARN_INFINITE_RECURSION = YES;
				CLANG_WARN_INT_CONVERSION = YES;
				CLANG_WARN_NON_LITERAL_NULL_CONVERSION = YES;
				CLANG_WARN_OBJC_IMPLICIT_RETAIN_SELF = YES;
				CLANG_WARN_OBJC_LITERAL_CONVERSION = YES;
				CLANG_WARN_OBJC_ROOT_CLASS = YES_ERROR;
				CLANG_WARN_RANGE_LOOP_ANALYSIS = YES;
				CLANG_WARN_STRICT_PROTOTYPES = YES;
				CLANG_WARN_SUSPICIOUS_MOVE = YES;
				CLANG_WARN_UNGUARDED_AVAILABILITY = YES_AGGRESSIVE;
				CLANG_WARN_UNREACHABLE_CODE = YES;
				CLANG_WARN__DUPLICATE_METHOD_MATCH = YES;
				CODE_SIGN_IDENTITY = "iPhone Developer";
				COPY_PHASE_STRIP = NO;
				DEBUG_INFORMATION_FORMAT = dwarf;
				ENABLE_STRICT_OBJC_MSGSEND = YES;
				ENABLE_TESTABILITY = YES;
				GCC_C_LANGUAGE_STANDARD = gnu11;
				GCC_DYNAMIC_NO_PIC = NO;
				GCC_NO_COMMON_BLOCKS = YES;
				GCC_OPTIMIZATION_LEVEL = 0;
				GCC_PREPROCESSOR_DEFINITIONS = (
					"DEBUG=1",
					"$(inherited)",
				);
				GCC_WARN_64_TO_32_BIT_CONVERSION = YES;
				GCC_WARN_ABOUT_RETURN_TYPE = YES_ERROR;
				GCC_WARN_UNDECLARED_SELECTOR = YES;
				GCC_WARN_UNINITIALIZED_AUTOS = YES_AGGRESSIVE;
				GCC_WARN_UNUSED_FUNCTION = YES;
				GCC_WARN_UNUSED_VARIABLE = YES;
				IPHONEOS_DEPLOYMENT_TARGET = 12.2;
				MTL_ENABLE_DEBUG_INFO = INCLUDE_SOURCE;
				MTL_FAST_MATH = YES;
				ONLY_ACTIVE_ARCH = YES;
				SDKROOT = iphoneos;
				SWIFT_ACTIVE_COMPILATION_CONDITIONS = DEBUG;
				SWIFT_OPTIMIZATION_LEVEL = "-Onone";
			};
			name = Debug;
		};
		3692D0512266FB800085B3B1 /* Release */ = {
			isa = XCBuildConfiguration;
			buildSettings = {
				ALWAYS_SEARCH_USER_PATHS = NO;
				CLANG_ANALYZER_NONNULL = YES;
				CLANG_ANALYZER_NUMBER_OBJECT_CONVERSION = YES_AGGRESSIVE;
				CLANG_CXX_LANGUAGE_STANDARD = "gnu++14";
				CLANG_CXX_LIBRARY = "libc++";
				CLANG_ENABLE_MODULES = YES;
				CLANG_ENABLE_OBJC_ARC = YES;
				CLANG_ENABLE_OBJC_WEAK = YES;
				CLANG_WARN_BLOCK_CAPTURE_AUTORELEASING = YES;
				CLANG_WARN_BOOL_CONVERSION = YES;
				CLANG_WARN_COMMA = YES;
				CLANG_WARN_CONSTANT_CONVERSION = YES;
				CLANG_WARN_DEPRECATED_OBJC_IMPLEMENTATIONS = YES;
				CLANG_WARN_DIRECT_OBJC_ISA_USAGE = YES_ERROR;
				CLANG_WARN_DOCUMENTATION_COMMENTS = YES;
				CLANG_WARN_EMPTY_BODY = YES;
				CLANG_WARN_ENUM_CONVERSION = YES;
				CLANG_WARN_INFINITE_RECURSION = YES;
				CLANG_WARN_INT_CONVERSION = YES;
				CLANG_WARN_NON_LITERAL_NULL_CONVERSION = YES;
				CLANG_WARN_OBJC_IMPLICIT_RETAIN_SELF = YES;
				CLANG_WARN_OBJC_LITERAL_CONVERSION = YES;
				CLANG_WARN_OBJC_ROOT_CLASS = YES_ERROR;
				CLANG_WARN_RANGE_LOOP_ANALYSIS = YES;
				CLANG_WARN_STRICT_PROTOTYPES = YES;
				CLANG_WARN_SUSPICIOUS_MOVE = YES;
				CLANG_WARN_UNGUARDED_AVAILABILITY = YES_AGGRESSIVE;
				CLANG_WARN_UNREACHABLE_CODE = YES;
				CLANG_WARN__DUPLICATE_METHOD_MATCH = YES;
				CODE_SIGN_IDENTITY = "iPhone Developer";
				COPY_PHASE_STRIP = NO;
				DEBUG_INFORMATION_FORMAT = "dwarf-with-dsym";
				ENABLE_NS_ASSERTIONS = NO;
				ENABLE_STRICT_OBJC_MSGSEND = YES;
				GCC_C_LANGUAGE_STANDARD = gnu11;
				GCC_NO_COMMON_BLOCKS = YES;
				GCC_WARN_64_TO_32_BIT_CONVERSION = YES;
				GCC_WARN_ABOUT_RETURN_TYPE = YES_ERROR;
				GCC_WARN_UNDECLARED_SELECTOR = YES;
				GCC_WARN_UNINITIALIZED_AUTOS = YES_AGGRESSIVE;
				GCC_WARN_UNUSED_FUNCTION = YES;
				GCC_WARN_UNUSED_VARIABLE = YES;
				IPHONEOS_DEPLOYMENT_TARGET = 12.2;
				MTL_ENABLE_DEBUG_INFO = NO;
				MTL_FAST_MATH = YES;
				SDKROOT = iphoneos;
				SWIFT_COMPILATION_MODE = wholemodule;
				SWIFT_OPTIMIZATION_LEVEL = "-O";
				VALIDATE_PRODUCT = YES;
			};
			name = Release;
		};
		3692D0532266FB800085B3B1 /* Debug */ = {
			isa = XCBuildConfiguration;
			buildSettings = {
				ASSETCATALOG_COMPILER_APPICON_NAME = AppIcon;
				CODE_SIGN_STYLE = Automatic;
				DEVELOPMENT_TEAM = RZSUFPDT65;
				INFOPLIST_FILE = Review/Info.plist;
				LD_RUNPATH_SEARCH_PATHS = (
					"$(inherited)",
					"@executable_path/Frameworks",
				);
				PRODUCT_BUNDLE_IDENTIFIER = com.donlaya.Review;
				PRODUCT_NAME = "$(TARGET_NAME)";
				SWIFT_VERSION = 5.0;
				TARGETED_DEVICE_FAMILY = "1,2";
			};
			name = Debug;
		};
		3692D0542266FB800085B3B1 /* Release */ = {
			isa = XCBuildConfiguration;
			buildSettings = {
				ASSETCATALOG_COMPILER_APPICON_NAME = AppIcon;
				CODE_SIGN_STYLE = Automatic;
				DEVELOPMENT_TEAM = RZSUFPDT65;
				INFOPLIST_FILE = Review/Info.plist;
				LD_RUNPATH_SEARCH_PATHS = (
					"$(inherited)",
					"@executable_path/Frameworks",
				);
				PRODUCT_BUNDLE_IDENTIFIER = com.donlaya.Review;
				PRODUCT_NAME = "$(TARGET_NAME)";
				SWIFT_VERSION = 5.0;
				TARGETED_DEVICE_FAMILY = "1,2";
			};
			name = Release;
		};
/* End XCBuildConfiguration section */

/* Begin XCConfigurationList section */
		3692D03B2266FB7B0085B3B1 /* Build configuration list for PBXProject "Review" */ = {
			isa = XCConfigurationList;
			buildConfigurations = (
				3692D0502266FB800085B3B1 /* Debug */,
				3692D0512266FB800085B3B1 /* Release */,
			);
			defaultConfigurationIsVisible = 0;
			defaultConfigurationName = Release;
		};
		3692D0522266FB800085B3B1 /* Build configuration list for PBXNativeTarget "Review" */ = {
			isa = XCConfigurationList;
			buildConfigurations = (
				3692D0532266FB800085B3B1 /* Debug */,
				3692D0542266FB800085B3B1 /* Release */,
			);
			defaultConfigurationIsVisible = 0;
			defaultConfigurationName = Release;
		};
/* End XCConfigurationList section */
	};
	rootObject = 3692D0382266FB7B0085B3B1 /* Project object */;
}
